{
  "name": "dispodger",
  "lockfileVersion": 2,
  "requires": true,
  "packages": {
    "": {
      "dependencies": {
        "throttled-queue": "^2.1.4"
      }
    },
    "node_modules/throttled-queue": {
      "version": "2.1.4",
      "resolved": "https://registry.npmjs.org/throttled-queue/-/throttled-queue-2.1.4.tgz",
      "integrity": "sha512-YGdk8sdmr4ge3g+doFj/7RLF5kLM+Mi7DEciu9PHxnMJZMeVuZeTj31g4VE7ekUffx/IdbvrtOCiz62afg0mkg=="
    }
  },
  "dependencies": {
    "throttled-queue": {
      "version": "2.1.4",
      "resolved": "https://registry.npmjs.org/throttled-queue/-/throttled-queue-2.1.4.tgz",
      "integrity": "sha512-YGdk8sdmr4ge3g+doFj/7RLF5kLM+Mi7DEciu9PHxnMJZMeVuZeTj31g4VE7ekUffx/IdbvrtOCiz62afg0mkg=="
    }
  }
}
